
Microsoft Visual Studio Solution File, Format Version 12.00
# Visual Studio 15
VisualStudioVersion = 15.0.27004.2005
MinimumVisualStudioVersion = 10.0.40219.1
Project("{9A19103F-16F7-4668-BE54-9A1E7A4F7556}") = "time4movies.UI", "time4movies.UI\time4movies.UI.csproj", "{B0636834-D016-421A-BB87-BA5413E26A5B}"
EndProject
Project("{9A19103F-16F7-4668-BE54-9A1E7A4F7556}") = "time4movies.Repository", "time4movies.DAL\time4movies.Repository.csproj", "{26B62604-D6D4-4827-9B82-BF40C2640FA9}"
EndProject
Project("{9A19103F-16F7-4668-BE54-9A1E7A4F7556}") = "time4movies.Models", "time4movies.Models\time4movies.Models.csproj", "{D778CA90-895D-4129-81C2-201443B6F888}"
EndProject
Project("{9A19103F-16F7-4668-BE54-9A1E7A4F7556}") = "time4movies.Services", "time4movies.Services\time4movies.Services.csproj", "{8A06ED1B-21B3-4F07-B3C4-52C9323F8BA1}"
EndProject
Global
	GlobalSection(SolutionConfigurationPlatforms) = preSolution
		Debug|Any CPU = Debug|Any CPU
		Release|Any CPU = Release|Any CPU
	EndGlobalSection
	GlobalSection(ProjectConfigurationPlatforms) = postSolution
		{B0636834-D016-421A-BB87-BA5413E26A5B}.Debug|Any CPU.ActiveCfg = Debug|Any CPU
		{B0636834-D016-421A-BB87-BA5413E26A5B}.Debug|Any CPU.Build.0 = Debug|Any CPU
		{B0636834-D016-421A-BB87-BA5413E26A5B}.Release|Any CPU.ActiveCfg = Release|Any CPU
		{B0636834-D016-421A-BB87-BA5413E26A5B}.Release|Any CPU.Build.0 = Release|Any CPU
		{26B62604-D6D4-4827-9B82-BF40C2640FA9}.Debug|Any CPU.ActiveCfg = Debug|Any CPU
		{26B62604-D6D4-4827-9B82-BF40C2640FA9}.Debug|Any CPU.Build.0 = Debug|Any CPU
		{26B62604-D6D4-4827-9B82-BF40C2640FA9}.Release|Any CPU.ActiveCfg = Release|Any CPU
		{26B62604-D6D4-4827-9B82-BF40C2640FA9}.Release|Any CPU.Build.0 = Release|Any CPU
		{D778CA90-895D-4129-81C2-201443B6F888}.Debug|Any CPU.ActiveCfg = Debug|Any CPU
		{D778CA90-895D-4129-81C2-201443B6F888}.Debug|Any CPU.Build.0 = Debug|Any CPU
		{D778CA90-895D-4129-81C2-201443B6F888}.Release|Any CPU.ActiveCfg = Release|Any CPU
		{D778CA90-895D-4129-81C2-201443B6F888}.Release|Any CPU.Build.0 = Release|Any CPU
		{8A06ED1B-21B3-4F07-B3C4-52C9323F8BA1}.Debug|Any CPU.ActiveCfg = Debug|Any CPU
		{8A06ED1B-21B3-4F07-B3C4-52C9323F8BA1}.Debug|Any CPU.Build.0 = Debug|Any CPU
		{8A06ED1B-21B3-4F07-B3C4-52C9323F8BA1}.Release|Any CPU.ActiveCfg = Release|Any CPU
		{8A06ED1B-21B3-4F07-B3C4-52C9323F8BA1}.Release|Any CPU.Build.0 = Release|Any CPU
	EndGlobalSection
	GlobalSection(SolutionProperties) = preSolution
		HideSolutionNode = FALSE
	EndGlobalSection
	GlobalSection(ExtensibilityGlobals) = postSolution
		SolutionGuid = {F7628C1B-892B-430D-AA50-334E45A06BD6}
	EndGlobalSection
EndGlobal
